
Microsoft Visual Studio Solution File, Format Version 12.00
# Visual Studio Version 17
VisualStudioVersion = 17.11.35312.102
MinimumVisualStudioVersion = 10.0.40219.1
Project("{FAE04EC0-301F-11D3-BF4B-00C04F79EFBC}") = "midLab(CCtask1)", "midLab(CCtask1)\midLab(CCtask1).csproj", "{4896950D-54F8-464C-BC0F-164DA28B35F1}"
EndProject
Global
	GlobalSection(SolutionConfigurationPlatforms) = preSolution
		Debug|Any CPU = Debug|Any CPU
		Release|Any CPU = Release|Any CPU
	EndGlobalSection
	GlobalSection(ProjectConfigurationPlatforms) = postSolution
		{4896950D-54F8-464C-BC0F-164DA28B35F1}.Debug|Any CPU.ActiveCfg = Debug|Any CPU
		{4896950D-54F8-464C-BC0F-164DA28B35F1}.Debug|Any CPU.Build.0 = Debug|Any CPU
		{4896950D-54F8-464C-BC0F-164DA28B35F1}.Release|Any CPU.ActiveCfg = Release|Any CPU
		{4896950D-54F8-464C-BC0F-164DA28B35F1}.Release|Any CPU.Build.0 = Release|Any CPU
	EndGlobalSection
	GlobalSection(SolutionProperties) = preSolution
		HideSolutionNode = FALSE
	EndGlobalSection
	GlobalSection(ExtensibilityGlobals) = postSolution
		SolutionGuid = {F03BC20E-B928-4BD4-8DC9-CA4632E5E993}
	EndGlobalSection
EndGlobal
